
Microsoft Visual Studio Solution File, Format Version 12.00
# Visual Studio Version 16
VisualStudioVersion = 16.0.33529.622
MinimumVisualStudioVersion = 10.0.40219.1
Project("{FAE04EC0-301F-11D3-BF4B-00C04F79EFBC}") = "University-App2", "University-App2\University-App2.csproj", "{2E3A20A7-70D6-4DC5-9A80-EAF538C42749}"
EndProject
Project("{FAE04EC0-301F-11D3-BF4B-00C04F79EFBC}") = "BusinessLayer", "BusinessLayer\BusinessLayer.csproj", "{D31ADF1F-8324-478D-ABF5-DAD5DBDC1AF3}"
EndProject
Global
	GlobalSection(SolutionConfigurationPlatforms) = preSolution
		Debug|Any CPU = Debug|Any CPU
		Release|Any CPU = Release|Any CPU
	EndGlobalSection
	GlobalSection(ProjectConfigurationPlatforms) = postSolution
		{2E3A20A7-70D6-4DC5-9A80-EAF538C42749}.Debug|Any CPU.ActiveCfg = Debug|Any CPU
		{2E3A20A7-70D6-4DC5-9A80-EAF538C42749}.Debug|Any CPU.Build.0 = Debug|Any CPU
		{2E3A20A7-70D6-4DC5-9A80-EAF538C42749}.Release|Any CPU.ActiveCfg = Release|Any CPU
		{2E3A20A7-70D6-4DC5-9A80-EAF538C42749}.Release|Any CPU.Build.0 = Release|Any CPU
		{D31ADF1F-8324-478D-ABF5-DAD5DBDC1AF3}.Debug|Any CPU.ActiveCfg = Debug|Any CPU
		{D31ADF1F-8324-478D-ABF5-DAD5DBDC1AF3}.Debug|Any CPU.Build.0 = Debug|Any CPU
		{D31ADF1F-8324-478D-ABF5-DAD5DBDC1AF3}.Release|Any CPU.ActiveCfg = Release|Any CPU
		{D31ADF1F-8324-478D-ABF5-DAD5DBDC1AF3}.Release|Any CPU.Build.0 = Release|Any CPU
	EndGlobalSection
	GlobalSection(SolutionProperties) = preSolution
		HideSolutionNode = FALSE
	EndGlobalSection
	GlobalSection(ExtensibilityGlobals) = postSolution
		SolutionGuid = {95407B8B-48E0-4A21-BACB-13A36103B9E2}
	EndGlobalSection
EndGlobal
